
Microsoft Visual Studio Solution File, Format Version 12.00
# Visual Studio 2013
VisualStudioVersion = 12.0.31101.0
MinimumVisualStudioVersion = 10.0.40219.1
Project("{FAE04EC0-301F-11D3-BF4B-00C04F79EFBC}") = "AQISet", "AQISet\AQISet.csproj", "{EEE59B65-A812-4D1B-8260-CB3C90997620}"
EndProject
Project("{FAE04EC0-301F-11D3-BF4B-00C04F79EFBC}") = "AQISet.Library", "AQISet.Library\AQISet.Library.csproj", "{6CD4ACC4-A6C2-4EE5-9025-88FFEEF4065B}"
EndProject
Project("{FAE04EC0-301F-11D3-BF4B-00C04F79EFBC}") = "AQIPlugin.aqicn", "AQIPlugin.aqicn\AQIPlugin.aqicn.csproj", "{E9B0A4F9-1098-4E4E-A8D0-04270AD13539}"
EndProject
Project("{FAE04EC0-301F-11D3-BF4B-00C04F79EFBC}") = "AQIPlugin.QH", "AQIPlugin.QH\AQIPlugin.QH.csproj", "{BA8238D9-4DD7-42EF-B8FE-991BBE1E59EA}"
EndProject
Project("{FAE04EC0-301F-11D3-BF4B-00C04F79EFBC}") = "AQIPlugin.TEST", "AQIPlugin.TEST\AQIPlugin.TEST.csproj", "{14E5B2B5-C24F-4D1E-B908-7F71DDB7E7D5}"
EndProject
Project("{FAE04EC0-301F-11D3-BF4B-00C04F79EFBC}") = "AQIPlugin.ZJ.typhoon", "AQIPlugin.ZJ.typhoon\AQIPlugin.ZJ.typhoon.csproj", "{DEFB9F28-A49B-4443-A145-60FCC539F274}"
EndProject
Project("{FAE04EC0-301F-11D3-BF4B-00C04F79EFBC}") = "AQIPlugin.TJ.tjemc", "AQIPlugin.TJ.tjemc\AQIPlugin.TJ.tjemc.csproj", "{2DCF778B-9433-44CA-B880-A25CDB9C53BB}"
EndProject
Project("{FAE04EC0-301F-11D3-BF4B-00C04F79EFBC}") = "AQIPlugin.BJ.bjmemc", "AQIPlugin.BJ.bjmemc\AQIPlugin.BJ.bjmemc.csproj", "{3446990D-78B6-498D-AD4C-9AFBE6A1AD1B}"
EndProject
Project("{FAE04EC0-301F-11D3-BF4B-00C04F79EFBC}") = "AQIPlugin.SX.sxAQIWeb", "AQIPlugin.SX.sxAQIWeb\AQIPlugin.SX.sxAQIWeb.csproj", "{D9A7836A-BF4A-468A-B8BF-7CD3CBFFD4C3}"
EndProject
Project("{2150E333-8FDC-42A3-9474-1A3956D46DE8}") = "Solution Items", "Solution Items", "{70BAA3B4-036D-45DE-8038-31CABA4AFEB7}"
	ProjectSection(SolutionItems) = preProject
		README.md = README.md
	EndProjectSection
EndProject
Project("{FAE04EC0-301F-11D3-BF4B-00C04F79EFBC}") = "AQIPlugin.nullschool.earth", "AQIPlugin.earth.nullschool\AQIPlugin.nullschool.earth.csproj", "{EF46073F-D3A3-4EFB-9DA5-F72CE8C684BA}"
EndProject
Project("{FAE04EC0-301F-11D3-BF4B-00C04F79EFBC}") = "AQIPlugin.HB", "AQIPlugin.HB\AQIPlugin.HB.csproj", "{72AF7756-C908-43F0-BB7D-0FA5385CC01F}"
EndProject
Project("{FAE04EC0-301F-11D3-BF4B-00C04F79EFBC}") = "AQIPlugin.SD", "AQIPlugin.SD\AQIPlugin.SD.csproj", "{74C1CBC5-3A78-4C96-8C19-F59770512207}"
EndProject
Project("{FAE04EC0-301F-11D3-BF4B-00C04F79EFBC}") = "AQIPlugin.HLJ.hljkq", "AQIPlugin.HLJ.hljkq\AQIPlugin.HLJ.hljkq.csproj", "{95B4DC84-9BF6-4497-9F29-8E56988D11F2}"
EndProject
Global
	GlobalSection(SolutionConfigurationPlatforms) = preSolution
		Debug|Any CPU = Debug|Any CPU
		Debug|Mixed Platforms = Debug|Mixed Platforms
		Debug|x86 = Debug|x86
		Release|Any CPU = Release|Any CPU
		Release|Mixed Platforms = Release|Mixed Platforms
		Release|x86 = Release|x86
	EndGlobalSection
	GlobalSection(ProjectConfigurationPlatforms) = postSolution
		{EEE59B65-A812-4D1B-8260-CB3C90997620}.Debug|Any CPU.ActiveCfg = Debug|x86
		{EEE59B65-A812-4D1B-8260-CB3C90997620}.Debug|Any CPU.Build.0 = Debug|x86
		{EEE59B65-A812-4D1B-8260-CB3C90997620}.Debug|Mixed Platforms.ActiveCfg = Debug|x86
		{EEE59B65-A812-4D1B-8260-CB3C90997620}.Debug|Mixed Platforms.Build.0 = Debug|x86
		{EEE59B65-A812-4D1B-8260-CB3C90997620}.Debug|x86.ActiveCfg = Debug|x86
		{EEE59B65-A812-4D1B-8260-CB3C90997620}.Debug|x86.Build.0 = Debug|x86
		{EEE59B65-A812-4D1B-8260-CB3C90997620}.Release|Any CPU.ActiveCfg = Release|x86
		{EEE59B65-A812-4D1B-8260-CB3C90997620}.Release|Mixed Platforms.ActiveCfg = Release|x86
		{EEE59B65-A812-4D1B-8260-CB3C90997620}.Release|Mixed Platforms.Build.0 = Release|x86
		{EEE59B65-A812-4D1B-8260-CB3C90997620}.Release|x86.ActiveCfg = Release|x86
		{EEE59B65-A812-4D1B-8260-CB3C90997620}.Release|x86.Build.0 = Release|x86
		{6CD4ACC4-A6C2-4EE5-9025-88FFEEF4065B}.Debug|Any CPU.ActiveCfg = Debug|Any CPU
		{6CD4ACC4-A6C2-4EE5-9025-88FFEEF4065B}.Debug|Any CPU.Build.0 = Debug|Any CPU
		{6CD4ACC4-A6C2-4EE5-9025-88FFEEF4065B}.Debug|Mixed Platforms.ActiveCfg = Debug|Any CPU
		{6CD4ACC4-A6C2-4EE5-9025-88FFEEF4065B}.Debug|Mixed Platforms.Build.0 = Debug|Any CPU
		{6CD4ACC4-A6C2-4EE5-9025-88FFEEF4065B}.Debug|x86.ActiveCfg = Debug|Any CPU
		{6CD4ACC4-A6C2-4EE5-9025-88FFEEF4065B}.Release|Any CPU.ActiveCfg = Release|Any CPU
		{6CD4ACC4-A6C2-4EE5-9025-88FFEEF4065B}.Release|Any CPU.Build.0 = Release|Any CPU
		{6CD4ACC4-A6C2-4EE5-9025-88FFEEF4065B}.Release|Mixed Platforms.ActiveCfg = Release|Any CPU
		{6CD4ACC4-A6C2-4EE5-9025-88FFEEF4065B}.Release|Mixed Platforms.Build.0 = Release|Any CPU
		{6CD4ACC4-A6C2-4EE5-9025-88FFEEF4065B}.Release|x86.ActiveCfg = Release|Any CPU
		{E9B0A4F9-1098-4E4E-A8D0-04270AD13539}.Debug|Any CPU.ActiveCfg = Debug|Any CPU
		{E9B0A4F9-1098-4E4E-A8D0-04270AD13539}.Debug|Any CPU.Build.0 = Debug|Any CPU
		{E9B0A4F9-1098-4E4E-A8D0-04270AD13539}.Debug|Mixed Platforms.ActiveCfg = Debug|Any CPU
		{E9B0A4F9-1098-4E4E-A8D0-04270AD13539}.Debug|Mixed Platforms.Build.0 = Debug|Any CPU
		{E9B0A4F9-1098-4E4E-A8D0-04270AD13539}.Debug|x86.ActiveCfg = Debug|Any CPU
		{E9B0A4F9-1098-4E4E-A8D0-04270AD13539}.Release|Any CPU.ActiveCfg = Release|Any CPU
		{E9B0A4F9-1098-4E4E-A8D0-04270AD13539}.Release|Any CPU.Build.0 = Release|Any CPU
		{E9B0A4F9-1098-4E4E-A8D0-04270AD13539}.Release|Mixed Platforms.ActiveCfg = Release|Any CPU
		{E9B0A4F9-1098-4E4E-A8D0-04270AD13539}.Release|Mixed Platforms.Build.0 = Release|Any CPU
		{E9B0A4F9-1098-4E4E-A8D0-04270AD13539}.Release|x86.ActiveCfg = Release|Any CPU
		{BA8238D9-4DD7-42EF-B8FE-991BBE1E59EA}.Debug|Any CPU.ActiveCfg = Debug|Any CPU
		{BA8238D9-4DD7-42EF-B8FE-991BBE1E59EA}.Debug|Any CPU.Build.0 = Debug|Any CPU
		{BA8238D9-4DD7-42EF-B8FE-991BBE1E59EA}.Debug|Mixed Platforms.ActiveCfg = Debug|Any CPU
		{BA8238D9-4DD7-42EF-B8FE-991BBE1E59EA}.Debug|Mixed Platforms.Build.0 = Debug|Any CPU
		{BA8238D9-4DD7-42EF-B8FE-991BBE1E59EA}.Debug|x86.ActiveCfg = Debug|Any CPU
		{BA8238D9-4DD7-42EF-B8FE-991BBE1E59EA}.Release|Any CPU.ActiveCfg = Release|Any CPU
		{BA8238D9-4DD7-42EF-B8FE-991BBE1E59EA}.Release|Any CPU.Build.0 = Release|Any CPU
		{BA8238D9-4DD7-42EF-B8FE-991BBE1E59EA}.Release|Mixed Platforms.ActiveCfg = Release|Any CPU
		{BA8238D9-4DD7-42EF-B8FE-991BBE1E59EA}.Release|Mixed Platforms.Build.0 = Release|Any CPU
		{BA8238D9-4DD7-42EF-B8FE-991BBE1E59EA}.Release|x86.ActiveCfg = Release|Any CPU
		{14E5B2B5-C24F-4D1E-B908-7F71DDB7E7D5}.Debug|Any CPU.ActiveCfg = Debug|Any CPU
		{14E5B2B5-C24F-4D1E-B908-7F71DDB7E7D5}.Debug|Any CPU.Build.0 = Debug|Any CPU
		{14E5B2B5-C24F-4D1E-B908-7F71DDB7E7D5}.Debug|Mixed Platforms.ActiveCfg = Debug|Any CPU
		{14E5B2B5-C24F-4D1E-B908-7F71DDB7E7D5}.Debug|Mixed Platforms.Build.0 = Debug|Any CPU
		{14E5B2B5-C24F-4D1E-B908-7F71DDB7E7D5}.Debug|x86.ActiveCfg = Debug|Any CPU
		{14E5B2B5-C24F-4D1E-B908-7F71DDB7E7D5}.Release|Any CPU.ActiveCfg = Release|Any CPU
		{14E5B2B5-C24F-4D1E-B908-7F71DDB7E7D5}.Release|Any CPU.Build.0 = Release|Any CPU
		{14E5B2B5-C24F-4D1E-B908-7F71DDB7E7D5}.Release|Mixed Platforms.ActiveCfg = Release|Any CPU
		{14E5B2B5-C24F-4D1E-B908-7F71DDB7E7D5}.Release|Mixed Platforms.Build.0 = Release|Any CPU
		{14E5B2B5-C24F-4D1E-B908-7F71DDB7E7D5}.Release|x86.ActiveCfg = Release|Any CPU
		{DEFB9F28-A49B-4443-A145-60FCC539F274}.Debug|Any CPU.ActiveCfg = Debug|Any CPU
		{DEFB9F28-A49B-4443-A145-60FCC539F274}.Debug|Any CPU.Build.0 = Debug|Any CPU
		{DEFB9F28-A49B-4443-A145-60FCC539F274}.Debug|Mixed Platforms.ActiveCfg = Debug|Any CPU
		{DEFB9F28-A49B-4443-A145-60FCC539F274}.Debug|Mixed Platforms.Build.0 = Debug|Any CPU
		{DEFB9F28-A49B-4443-A145-60FCC539F274}.Debug|x86.ActiveCfg = Debug|Any CPU
		{DEFB9F28-A49B-4443-A145-60FCC539F274}.Release|Any CPU.ActiveCfg = Release|Any CPU
		{DEFB9F28-A49B-4443-A145-60FCC539F274}.Release|Any CPU.Build.0 = Release|Any CPU
		{DEFB9F28-A49B-4443-A145-60FCC539F274}.Release|Mixed Platforms.ActiveCfg = Release|Any CPU
		{DEFB9F28-A49B-4443-A145-60FCC539F274}.Release|Mixed Platforms.Build.0 = Release|Any CPU
		{DEFB9F28-A49B-4443-A145-60FCC539F274}.Release|x86.ActiveCfg = Release|Any CPU
		{2DCF778B-9433-44CA-B880-A25CDB9C53BB}.Debug|Any CPU.ActiveCfg = Debug|Any CPU
		{2DCF778B-9433-44CA-B880-A25CDB9C53BB}.Debug|Any CPU.Build.0 = Debug|Any CPU
		{2DCF778B-9433-44CA-B880-A25CDB9C53BB}.Debug|Mixed Platforms.ActiveCfg = Debug|Any CPU
		{2DCF778B-9433-44CA-B880-A25CDB9C53BB}.Debug|Mixed Platforms.Build.0 = Debug|Any CPU
		{2DCF778B-9433-44CA-B880-A25CDB9C53BB}.Debug|x86.ActiveCfg = Debug|Any CPU
		{2DCF778B-9433-44CA-B880-A25CDB9C53BB}.Release|Any CPU.ActiveCfg = Release|Any CPU
		{2DCF778B-9433-44CA-B880-A25CDB9C53BB}.Release|Any CPU.Build.0 = Release|Any CPU
		{2DCF778B-9433-44CA-B880-A25CDB9C53BB}.Release|Mixed Platforms.ActiveCfg = Release|Any CPU
		{2DCF778B-9433-44CA-B880-A25CDB9C53BB}.Release|Mixed Platforms.Build.0 = Release|Any CPU
		{2DCF778B-9433-44CA-B880-A25CDB9C53BB}.Release|x86.ActiveCfg = Release|Any CPU
		{3446990D-78B6-498D-AD4C-9AFBE6A1AD1B}.Debug|Any CPU.ActiveCfg = Debug|Any CPU
		{3446990D-78B6-498D-AD4C-9AFBE6A1AD1B}.Debug|Any CPU.Build.0 = Debug|Any CPU
		{3446990D-78B6-498D-AD4C-9AFBE6A1AD1B}.Debug|Mixed Platforms.ActiveCfg = Debug|Any CPU
		{3446990D-78B6-498D-AD4C-9AFBE6A1AD1B}.Debug|Mixed Platforms.Build.0 = Debug|Any CPU
		{3446990D-78B6-498D-AD4C-9AFBE6A1AD1B}.Debug|x86.ActiveCfg = Debug|Any CPU
		{3446990D-78B6-498D-AD4C-9AFBE6A1AD1B}.Release|Any CPU.ActiveCfg = Release|Any CPU
		{3446990D-78B6-498D-AD4C-9AFBE6A1AD1B}.Release|Any CPU.Build.0 = Release|Any CPU
		{3446990D-78B6-498D-AD4C-9AFBE6A1AD1B}.Release|Mixed Platforms.ActiveCfg = Release|Any CPU
		{3446990D-78B6-498D-AD4C-9AFBE6A1AD1B}.Release|Mixed Platforms.Build.0 = Release|Any CPU
		{3446990D-78B6-498D-AD4C-9AFBE6A1AD1B}.Release|x86.ActiveCfg = Release|Any CPU
		{D9A7836A-BF4A-468A-B8BF-7CD3CBFFD4C3}.Debug|Any CPU.ActiveCfg = Debug|Any CPU
		{D9A7836A-BF4A-468A-B8BF-7CD3CBFFD4C3}.Debug|Any CPU.Build.0 = Debug|Any CPU
		{D9A7836A-BF4A-468A-B8BF-7CD3CBFFD4C3}.Debug|Mixed Platforms.ActiveCfg = Debug|Any CPU
		{D9A7836A-BF4A-468A-B8BF-7CD3CBFFD4C3}.Debug|Mixed Platforms.Build.0 = Debug|Any CPU
		{D9A7836A-BF4A-468A-B8BF-7CD3CBFFD4C3}.Debug|x86.ActiveCfg = Debug|Any CPU
		{D9A7836A-BF4A-468A-B8BF-7CD3CBFFD4C3}.Release|Any CPU.ActiveCfg = Release|Any CPU
		{D9A7836A-BF4A-468A-B8BF-7CD3CBFFD4C3}.Release|Any CPU.Build.0 = Release|Any CPU
		{D9A7836A-BF4A-468A-B8BF-7CD3CBFFD4C3}.Release|Mixed Platforms.ActiveCfg = Release|Any CPU
		{D9A7836A-BF4A-468A-B8BF-7CD3CBFFD4C3}.Release|Mixed Platforms.Build.0 = Release|Any CPU
		{D9A7836A-BF4A-468A-B8BF-7CD3CBFFD4C3}.Release|x86.ActiveCfg = Release|Any CPU
		{EF46073F-D3A3-4EFB-9DA5-F72CE8C684BA}.Debug|Any CPU.ActiveCfg = Debug|Any CPU
		{EF46073F-D3A3-4EFB-9DA5-F72CE8C684BA}.Debug|Any CPU.Build.0 = Debug|Any CPU
		{EF46073F-D3A3-4EFB-9DA5-F72CE8C684BA}.Debug|Mixed Platforms.ActiveCfg = Debug|Any CPU
		{EF46073F-D3A3-4EFB-9DA5-F72CE8C684BA}.Debug|Mixed Platforms.Build.0 = Debug|Any CPU
		{EF46073F-D3A3-4EFB-9DA5-F72CE8C684BA}.Debug|x86.ActiveCfg = Debug|Any CPU
		{EF46073F-D3A3-4EFB-9DA5-F72CE8C684BA}.Release|Any CPU.ActiveCfg = Release|Any CPU
		{EF46073F-D3A3-4EFB-9DA5-F72CE8C684BA}.Release|Any CPU.Build.0 = Release|Any CPU
		{EF46073F-D3A3-4EFB-9DA5-F72CE8C684BA}.Release|Mixed Platforms.ActiveCfg = Release|Any CPU
		{EF46073F-D3A3-4EFB-9DA5-F72CE8C684BA}.Release|Mixed Platforms.Build.0 = Release|Any CPU
		{EF46073F-D3A3-4EFB-9DA5-F72CE8C684BA}.Release|x86.ActiveCfg = Release|Any CPU
		{72AF7756-C908-43F0-BB7D-0FA5385CC01F}.Debug|Any CPU.ActiveCfg = Debug|Any CPU
		{72AF7756-C908-43F0-BB7D-0FA5385CC01F}.Debug|Any CPU.Build.0 = Debug|Any CPU
		{72AF7756-C908-43F0-BB7D-0FA5385CC01F}.Debug|Mixed Platforms.ActiveCfg = Debug|Any CPU
		{72AF7756-C908-43F0-BB7D-0FA5385CC01F}.Debug|Mixed Platforms.Build.0 = Debug|Any CPU
		{72AF7756-C908-43F0-BB7D-0FA5385CC01F}.Debug|x86.ActiveCfg = Debug|Any CPU
		{72AF7756-C908-43F0-BB7D-0FA5385CC01F}.Release|Any CPU.ActiveCfg = Release|Any CPU
		{72AF7756-C908-43F0-BB7D-0FA5385CC01F}.Release|Any CPU.Build.0 = Release|Any CPU
		{72AF7756-C908-43F0-BB7D-0FA5385CC01F}.Release|Mixed Platforms.ActiveCfg = Release|Any CPU
		{72AF7756-C908-43F0-BB7D-0FA5385CC01F}.Release|Mixed Platforms.Build.0 = Release|Any CPU
		{72AF7756-C908-43F0-BB7D-0FA5385CC01F}.Release|x86.ActiveCfg = Release|Any CPU
		{74C1CBC5-3A78-4C96-8C19-F59770512207}.Debug|Any CPU.ActiveCfg = Debug|Any CPU
		{74C1CBC5-3A78-4C96-8C19-F59770512207}.Debug|Any CPU.Build.0 = Debug|Any CPU
		{74C1CBC5-3A78-4C96-8C19-F59770512207}.Debug|Mixed Platforms.ActiveCfg = Debug|Any CPU
		{74C1CBC5-3A78-4C96-8C19-F59770512207}.Debug|Mixed Platforms.Build.0 = Debug|Any CPU
		{74C1CBC5-3A78-4C96-8C19-F59770512207}.Debug|x86.ActiveCfg = Debug|Any CPU
		{74C1CBC5-3A78-4C96-8C19-F59770512207}.Release|Any CPU.ActiveCfg = Release|Any CPU
		{74C1CBC5-3A78-4C96-8C19-F59770512207}.Release|Any CPU.Build.0 = Release|Any CPU
		{74C1CBC5-3A78-4C96-8C19-F59770512207}.Release|Mixed Platforms.ActiveCfg = Release|Any CPU
		{74C1CBC5-3A78-4C96-8C19-F59770512207}.Release|Mixed Platforms.Build.0 = Release|Any CPU
		{74C1CBC5-3A78-4C96-8C19-F59770512207}.Release|x86.ActiveCfg = Release|Any CPU
		{95B4DC84-9BF6-4497-9F29-8E56988D11F2}.Debug|Any CPU.ActiveCfg = Debug|Any CPU
		{95B4DC84-9BF6-4497-9F29-8E56988D11F2}.Debug|Any CPU.Build.0 = Debug|Any CPU
		{95B4DC84-9BF6-4497-9F29-8E56988D11F2}.Debug|Mixed Platforms.ActiveCfg = Debug|Any CPU
		{95B4DC84-9BF6-4497-9F29-8E56988D11F2}.Debug|Mixed Platforms.Build.0 = Debug|Any CPU
		{95B4DC84-9BF6-4497-9F29-8E56988D11F2}.Debug|x86.ActiveCfg = Debug|Any CPU
		{95B4DC84-9BF6-4497-9F29-8E56988D11F2}.Release|Any CPU.ActiveCfg = Release|Any CPU
		{95B4DC84-9BF6-4497-9F29-8E56988D11F2}.Release|Any CPU.Build.0 = Release|Any CPU
		{95B4DC84-9BF6-4497-9F29-8E56988D11F2}.Release|Mixed Platforms.ActiveCfg = Release|Any CPU
		{95B4DC84-9BF6-4497-9F29-8E56988D11F2}.Release|Mixed Platforms.Build.0 = Release|Any CPU
		{95B4DC84-9BF6-4497-9F29-8E56988D11F2}.Release|x86.ActiveCfg = Release|Any CPU
	EndGlobalSection
	GlobalSection(SolutionProperties) = preSolution
		HideSolutionNode = FALSE
	EndGlobalSection
EndGlobal
